
Microsoft Visual Studio Solution File, Format Version 12.00
# Visual Studio Version 16
VisualStudioVersion = 16.0.30804.86
MinimumVisualStudioVersion = 10.0.40219.1
Project("{8BC9CEB8-8B4A-11D0-8D11-00A0C91BC942}") = "Assignment1-problem16", "Assignment1-problem16.vcxproj", "{467F1ADC-1512-425A-9676-E5D7E96FAEFF}"
EndProject
Global
	GlobalSection(SolutionConfigurationPlatforms) = preSolution
		Debug|x64 = Debug|x64
		Debug|x86 = Debug|x86
		Release|x64 = Release|x64
		Release|x86 = Release|x86
	EndGlobalSection
	GlobalSection(ProjectConfigurationPlatforms) = postSolution
		{467F1ADC-1512-425A-9676-E5D7E96FAEFF}.Debug|x64.ActiveCfg = Debug|x64
		{467F1ADC-1512-425A-9676-E5D7E96FAEFF}.Debug|x64.Build.0 = Debug|x64
		{467F1ADC-1512-425A-9676-E5D7E96FAEFF}.Debug|x86.ActiveCfg = Debug|Win32
		{467F1ADC-1512-425A-9676-E5D7E96FAEFF}.Debug|x86.Build.0 = Debug|Win32
		{467F1ADC-1512-425A-9676-E5D7E96FAEFF}.Release|x64.ActiveCfg = Release|x64
		{467F1ADC-1512-425A-9676-E5D7E96FAEFF}.Release|x64.Build.0 = Release|x64
		{467F1ADC-1512-425A-9676-E5D7E96FAEFF}.Release|x86.ActiveCfg = Release|Win32
		{467F1ADC-1512-425A-9676-E5D7E96FAEFF}.Release|x86.Build.0 = Release|Win32
	EndGlobalSection
	GlobalSection(SolutionProperties) = preSolution
		HideSolutionNode = FALSE
	EndGlobalSection
	GlobalSection(ExtensibilityGlobals) = postSolution
		SolutionGuid = {A79C48F4-4E9B-425E-AFCC-5CE6EFC4CF2E}
	EndGlobalSection
EndGlobal
